
Microsoft Visual Studio Solution File, Format Version 12.00
# Visual Studio Version 16
VisualStudioVersion = 16.0.28922.388
MinimumVisualStudioVersion = 10.0.40219.1
Project("{FAE04EC0-301F-11D3-BF4B-00C04F79EFBC}") = "MultiFizzBuzz", "MultiFizzBuzz\MultiFizzBuzz.csproj", "{619DA1BF-012E-4326-BEF8-57532CC7215B}"
EndProject
Global
	GlobalSection(SolutionConfigurationPlatforms) = preSolution
		Debug|Any CPU = Debug|Any CPU
		Release|Any CPU = Release|Any CPU
	EndGlobalSection
	GlobalSection(ProjectConfigurationPlatforms) = postSolution
		{619DA1BF-012E-4326-BEF8-57532CC7215B}.Debug|Any CPU.ActiveCfg = Debug|Any CPU
		{619DA1BF-012E-4326-BEF8-57532CC7215B}.Debug|Any CPU.Build.0 = Debug|Any CPU
		{619DA1BF-012E-4326-BEF8-57532CC7215B}.Release|Any CPU.ActiveCfg = Release|Any CPU
		{619DA1BF-012E-4326-BEF8-57532CC7215B}.Release|Any CPU.Build.0 = Release|Any CPU
	EndGlobalSection
	GlobalSection(SolutionProperties) = preSolution
		HideSolutionNode = FALSE
	EndGlobalSection
	GlobalSection(ExtensibilityGlobals) = postSolution
		SolutionGuid = {3FC3CDAC-1924-4303-8BC5-F4A972E63174}
	EndGlobalSection
EndGlobal
